// !$*UTF8*$!
{
	archiveVersion = 1;
	classes = {
	};
	objectVersion = 56;
	objects = {

/* Begin PBXBuildFile section */
		D7474ECF2AC72248008BE5F3 /* AppDelegate.m in Sources */ = {isa = PBXBuildFile; fileRef = D7474ECE2AC72248008BE5F3 /* AppDelegate.m */; };
		D7474ED22AC72248008BE5F3 /* SceneDelegate.m in Sources */ = {isa = PBXBuildFile; fileRef = D7474ED12AC72248008BE5F3 /* SceneDelegate.m */; };
		D7474ED52AC72248008BE5F3 /* MainViewController.m in Sources */ = {isa = PBXBuildFile; fileRef = D7474ED42AC72248008BE5F3 /* MainViewController.m */; };
		D7474EDA2AC72249008BE5F3 /* Assets.xcassets in Resources */ = {isa = PBXBuildFile; fileRef = D7474ED92AC72249008BE5F3 /* Assets.xcassets */; };
		D7474EDD2AC72249008BE5F3 /* LaunchScreen.storyboard in Resources */ = {isa = PBXBuildFile; fileRef = D7474EDB2AC72249008BE5F3 /* LaunchScreen.storyboard */; };
		D7474EE02AC72249008BE5F3 /* main.m in Sources */ = {isa = PBXBuildFile; fileRef = D7474EDF2AC72249008BE5F3 /* main.m */; };
		D7474EE92AC722AD008BE5F3 /* Model.xcdatamodeld in Sources */ = {isa = PBXBuildFile; fileRef = D7474EE72AC722AD008BE5F3 /* Model.xcdatamodeld */; };
		D79A31B42AD31209002C42AE /* NSKCoreData.framework in Frameworks */ = {isa = PBXBuildFile; fileRef = D79A31B32AD31209002C42AE /* NSKCoreData.framework */; };
		D79C27AD2AC7C21A0046CF45 /* GroupManagementViewController.m in Sources */ = {isa = PBXBuildFile; fileRef = D79C27AC2AC7C21A0046CF45 /* GroupManagementViewController.m */; };
/* End PBXBuildFile section */

/* Begin PBXFileReference section */
		D7474ECA2AC72248008BE5F3 /* CodeData.app */ = {isa = PBXFileReference; explicitFileType = wrapper.application; includeInIndex = 0; path = CodeData.app; sourceTree = BUILT_PRODUCTS_DIR; };
		D7474ECD2AC72248008BE5F3 /* AppDelegate.h */ = {isa = PBXFileReference; lastKnownFileType = sourcecode.c.h; path = AppDelegate.h; sourceTree = "<group>"; };
		D7474ECE2AC72248008BE5F3 /* AppDelegate.m */ = {isa = PBXFileReference; lastKnownFileType = sourcecode.c.objc; path = AppDelegate.m; sourceTree = "<group>"; };
		D7474ED02AC72248008BE5F3 /* SceneDelegate.h */ = {isa = PBXFileReference; lastKnownFileType = sourcecode.c.h; path = SceneDelegate.h; sourceTree = "<group>"; };
		D7474ED12AC72248008BE5F3 /* SceneDelegate.m */ = {isa = PBXFileReference; lastKnownFileType = sourcecode.c.objc; path = SceneDelegate.m; sourceTree = "<group>"; };
		D7474ED32AC72248008BE5F3 /* MainViewController.h */ = {isa = PBXFileReference; lastKnownFileType = sourcecode.c.h; path = MainViewController.h; sourceTree = "<group>"; };
		D7474ED42AC72248008BE5F3 /* MainViewController.m */ = {isa = PBXFileReference; lastKnownFileType = sourcecode.c.objc; path = MainViewController.m; sourceTree = "<group>"; };
		D7474ED92AC72249008BE5F3 /* Assets.xcassets */ = {isa = PBXFileReference; lastKnownFileType = folder.assetcatalog; path = Assets.xcassets; sourceTree = "<group>"; };
		D7474EDC2AC72249008BE5F3 /* Base */ = {isa = PBXFileReference; lastKnownFileType = file.storyboard; name = Base; path = Base.lproj/LaunchScreen.storyboard; sourceTree = "<group>"; };
		D7474EDE2AC72249008BE5F3 /* Info.plist */ = {isa = PBXFileReference; lastKnownFileType = text.plist.xml; path = Info.plist; sourceTree = "<group>"; };
		D7474EDF2AC72249008BE5F3 /* main.m */ = {isa = PBXFileReference; lastKnownFileType = sourcecode.c.objc; path = main.m; sourceTree = "<group>"; };
		D7474EE82AC722AD008BE5F3 /* Model.xcdatamodel */ = {isa = PBXFileReference; lastKnownFileType = wrapper.xcdatamodel; path = Model.xcdatamodel; sourceTree = "<group>"; };
		D79A31B32AD31209002C42AE /* NSKCoreData.framework */ = {isa = PBXFileReference; lastKnownFileType = wrapper.framework; path = NSKCoreData.framework; sourceTree = "<group>"; };
		D79C27AB2AC7C21A0046CF45 /* GroupManagementViewController.h */ = {isa = PBXFileReference; lastKnownFileType = sourcecode.c.h; path = GroupManagementViewController.h; sourceTree = "<group>"; };
		D79C27AC2AC7C21A0046CF45 /* GroupManagementViewController.m */ = {isa = PBXFileReference; lastKnownFileType = sourcecode.c.objc; path = GroupManagementViewController.m; sourceTree = "<group>"; };
/* End PBXFileReference section */

/* Begin PBXFrameworksBuildPhase section */
		D7474EC72AC72248008BE5F3 /* Frameworks */ = {
			isa = PBXFrameworksBuildPhase;
			buildActionMask = 2147483647;
			files = (
				D79A31B42AD31209002C42AE /* NSKCoreData.framework in Frameworks */,
			);
			runOnlyForDeploymentPostprocessing = 0;
		};
/* End PBXFrameworksBuildPhase section */

/* Begin PBXGroup section */
		D7474EC12AC72248008BE5F3 = {
			isa = PBXGroup;
			children = (
				D7474ECC2AC72248008BE5F3 /* CodeData */,
				D7474ECB2AC72248008BE5F3 /* Products */,
			);
			sourceTree = "<group>";
		};
		D7474ECB2AC72248008BE5F3 /* Products */ = {
			isa = PBXGroup;
			children = (
				D7474ECA2AC72248008BE5F3 /* CodeData.app */,
			);
			name = Products;
			sourceTree = "<group>";
		};
		D7474ECC2AC72248008BE5F3 /* CodeData */ = {
			isa = PBXGroup;
			children = (
				D79A31AF2AD310DA002C42AE /* Framework */,
				D7474EE62AC72278008BE5F3 /* CoreDataModel */,
				D7474ECD2AC72248008BE5F3 /* AppDelegate.h */,
				D7474ECE2AC72248008BE5F3 /* AppDelegate.m */,
				D7474ED02AC72248008BE5F3 /* SceneDelegate.h */,
				D7474ED12AC72248008BE5F3 /* SceneDelegate.m */,
				D7474ED32AC72248008BE5F3 /* MainViewController.h */,
				D7474ED42AC72248008BE5F3 /* MainViewController.m */,
				D7474ED92AC72249008BE5F3 /* Assets.xcassets */,
				D7474EDB2AC72249008BE5F3 /* LaunchScreen.storyboard */,
				D7474EDE2AC72249008BE5F3 /* Info.plist */,
				D7474EDF2AC72249008BE5F3 /* main.m */,
				D79C27AB2AC7C21A0046CF45 /* GroupManagementViewController.h */,
				D79C27AC2AC7C21A0046CF45 /* GroupManagementViewController.m */,
			);
			path = CodeData;
			sourceTree = "<group>";
		};
		D7474EE62AC72278008BE5F3 /* CoreDataModel */ = {
			isa = PBXGroup;
			children = (
				D7474EE72AC722AD008BE5F3 /* Model.xcdatamodeld */,
			);
			path = CoreDataModel;
			sourceTree = "<group>";
		};
		D79A31AF2AD310DA002C42AE /* Framework */ = {
			isa = PBXGroup;
			children = (
				D79A31B32AD31209002C42AE /* NSKCoreData.framework */,
			);
			path = Framework;
			sourceTree = "<group>";
		};
/* End PBXGroup section */

/* Begin PBXNativeTarget section */
		D7474EC92AC72248008BE5F3 /* CodeData */ = {
			isa = PBXNativeTarget;
			buildConfigurationList = D7474EE32AC72249008BE5F3 /* Build configuration list for PBXNativeTarget "CodeData" */;
			buildPhases = (
				D7474EC62AC72248008BE5F3 /* Sources */,
				D7474EC72AC72248008BE5F3 /* Frameworks */,
				D7474EC82AC72248008BE5F3 /* Resources */,
			);
			buildRules = (
			);
			dependencies = (
			);
			name = CodeData;
			productName = CodeData;
			productReference = D7474ECA2AC72248008BE5F3 /* CodeData.app */;
			productType = "com.apple.product-type.application";
		};
/* End PBXNativeTarget section */

/* Begin PBXProject section */
		D7474EC22AC72248008BE5F3 /* Project object */ = {
			isa = PBXProject;
			attributes = {
				BuildIndependentTargetsInParallel = 1;
				LastUpgradeCheck = 1430;
				TargetAttributes = {
					D7474EC92AC72248008BE5F3 = {
						CreatedOnToolsVersion = 14.3.1;
					};
				};
			};
			buildConfigurationList = D7474EC52AC72248008BE5F3 /* Build configuration list for PBXProject "CodeData" */;
			compatibilityVersion = "Xcode 14.0";
			developmentRegion = en;
			hasScannedForEncodings = 0;
			knownRegions = (
				en,
				Base,
			);
			mainGroup = D7474EC12AC72248008BE5F3;
			productRefGroup = D7474ECB2AC72248008BE5F3 /* Products */;
			projectDirPath = "";
			projectRoot = "";
			targets = (
				D7474EC92AC72248008BE5F3 /* CodeData */,
			);
		};
/* End PBXProject section */

/* Begin PBXResourcesBuildPhase section */
		D7474EC82AC72248008BE5F3 /* Resources */ = {
			isa = PBXResourcesBuildPhase;
			buildActionMask = 2147483647;
			files = (
				D7474EDD2AC72249008BE5F3 /* LaunchScreen.storyboard in Resources */,
				D7474EDA2AC72249008BE5F3 /* Assets.xcassets in Resources */,
			);
			runOnlyForDeploymentPostprocessing = 0;
		};
/* End PBXResourcesBuildPhase section */

/* Begin PBXSourcesBuildPhase section */
		D7474EC62AC72248008BE5F3 /* Sources */ = {
			isa = PBXSourcesBuildPhase;
			buildActionMask = 2147483647;
			files = (
				D7474ED52AC72248008BE5F3 /* MainViewController.m in Sources */,
				D7474ECF2AC72248008BE5F3 /* AppDelegate.m in Sources */,
				D7474EE92AC722AD008BE5F3 /* Model.xcdatamodeld in Sources */,
				D79C27AD2AC7C21A0046CF45 /* GroupManagementViewController.m in Sources */,
				D7474EE02AC72249008BE5F3 /* main.m in Sources */,
				D7474ED22AC72248008BE5F3 /* SceneDelegate.m in Sources */,
			);
			runOnlyForDeploymentPostprocessing = 0;
		};
/* End PBXSourcesBuildPhase section */

/* Begin PBXVariantGroup section */
		D7474EDB2AC72249008BE5F3 /* LaunchScreen.storyboard */ = {
			isa = PBXVariantGroup;
			children = (
				D7474EDC2AC72249008BE5F3 /* Base */,
			);
			name = LaunchScreen.storyboard;
			sourceTree = "<group>";
		};
/* End PBXVariantGroup section */

/* Begin XCBuildConfiguration section */
		D7474EE12AC72249008BE5F3 /* Debug */ = {
			isa = XCBuildConfiguration;
			buildSettings = {
				ALWAYS_EMBED_SWIFT_STANDARD_LIBRARIES = YES;
				ALWAYS_SEARCH_USER_PATHS = NO;
				BUILD_LIBRARY_FOR_DISTRIBUTION = YES;
				CLANG_ANALYZER_NONNULL = YES;
				CLANG_ANALYZER_NUMBER_OBJECT_CONVERSION = YES_AGGRESSIVE;
				CLANG_CXX_LANGUAGE_STANDARD = "gnu++20";
				CLANG_ENABLE_MODULES = YES;
				CLANG_ENABLE_OBJC_ARC = YES;
				CLANG_ENABLE_OBJC_WEAK = YES;
				CLANG_WARN_BLOCK_CAPTURE_AUTORELEASING = YES;
				CLANG_WARN_BOOL_CONVERSION = YES;
				CLANG_WARN_COMMA = YES;
				CLANG_WARN_CONSTANT_CONVERSION = YES;
				CLANG_WARN_DEPRECATED_OBJC_IMPLEMENTATIONS = YES;
				CLANG_WARN_DIRECT_OBJC_ISA_USAGE = YES_ERROR;
				CLANG_WARN_DOCUMENTATION_COMMENTS = YES;
				CLANG_WARN_EMPTY_BODY = YES;
				CLANG_WARN_ENUM_CONVERSION = YES;
				CLANG_WARN_INFINITE_RECURSION = YES;
				CLANG_WARN_INT_CONVERSION = YES;
				CLANG_WARN_NON_LITERAL_NULL_CONVERSION = YES;
				CLANG_WARN_OBJC_IMPLICIT_RETAIN_SELF = YES;
				CLANG_WARN_OBJC_LITERAL_CONVERSION = YES;
				CLANG_WARN_OBJC_ROOT_CLASS = YES_ERROR;
				CLANG_WARN_QUOTED_INCLUDE_IN_FRAMEWORK_HEADER = YES;
				CLANG_WARN_RANGE_LOOP_ANALYSIS = YES;
				CLANG_WARN_STRICT_PROTOTYPES = YES;
				CLANG_WARN_SUSPICIOUS_MOVE = YES;
				CLANG_WARN_UNGUARDED_AVAILABILITY = YES_AGGRESSIVE;
				CLANG_WARN_UNREACHABLE_CODE = YES;
				CLANG_WARN__DUPLICATE_METHOD_MATCH = YES;
				COPY_PHASE_STRIP = NO;
				DEBUG_INFORMATION_FORMAT = dwarf;
				DOCC_EXTRACT_OBJC_INFO_FOR_SWIFT_SYMBOLS = YES;
				DOCC_EXTRACT_SWIFT_INFO_FOR_OBJC_SYMBOLS = YES;
				EAGER_LINKING = YES;
				ENABLE_STRICT_OBJC_MSGSEND = YES;
				ENABLE_TESTABILITY = YES;
				GCC_C_LANGUAGE_STANDARD = gnu11;
				GCC_DYNAMIC_NO_PIC = NO;
				GCC_NO_COMMON_BLOCKS = YES;
				GCC_OPTIMIZATION_LEVEL = 0;
				GCC_PREPROCESSOR_DEFINITIONS = (
					"DEBUG=1",
					"$(inherited)",
				);
				GCC_WARN_64_TO_32_BIT_CONVERSION = YES;
				GCC_WARN_ABOUT_RETURN_TYPE = YES_ERROR;
				GCC_WARN_UNDECLARED_SELECTOR = YES;
				GCC_WARN_UNINITIALIZED_AUTOS = YES_AGGRESSIVE;
				GCC_WARN_UNUSED_FUNCTION = YES;
				GCC_WARN_UNUSED_VARIABLE = YES;
				IPHONEOS_DEPLOYMENT_TARGET = 16.4;
				MTL_ENABLE_DEBUG_INFO = INCLUDE_SOURCE;
				MTL_FAST_MATH = YES;
				ONLY_ACTIVE_ARCH = YES;
				SDKROOT = iphoneos;
				SWIFT_EMIT_LOC_STRINGS = YES;
			};
			name = Debug;
		};
		D7474EE22AC72249008BE5F3 /* Release */ = {
			isa = XCBuildConfiguration;
			buildSettings = {
				ALWAYS_EMBED_SWIFT_STANDARD_LIBRARIES = YES;
				ALWAYS_SEARCH_USER_PATHS = NO;
				BUILD_LIBRARY_FOR_DISTRIBUTION = YES;
				CLANG_ANALYZER_NONNULL = YES;
				CLANG_ANALYZER_NUMBER_OBJECT_CONVERSION = YES_AGGRESSIVE;
				CLANG_CXX_LANGUAGE_STANDARD = "gnu++20";
				CLANG_ENABLE_MODULES = YES;
				CLANG_ENABLE_OBJC_ARC = YES;
				CLANG_ENABLE_OBJC_WEAK = YES;
				CLANG_WARN_BLOCK_CAPTURE_AUTORELEASING = YES;
				CLANG_WARN_BOOL_CONVERSION = YES;
				CLANG_WARN_COMMA = YES;
				CLANG_WARN_CONSTANT_CONVERSION = YES;
				CLANG_WARN_DEPRECATED_OBJC_IMPLEMENTATIONS = YES;
				CLANG_WARN_DIRECT_OBJC_ISA_USAGE = YES_ERROR;
				CLANG_WARN_DOCUMENTATION_COMMENTS = YES;
				CLANG_WARN_EMPTY_BODY = YES;
				CLANG_WARN_ENUM_CONVERSION = YES;
				CLANG_WARN_INFINITE_RECURSION = YES;
				CLANG_WARN_INT_CONVERSION = YES;
				CLANG_WARN_NON_LITERAL_NULL_CONVERSION = YES;
				CLANG_WARN_OBJC_IMPLICIT_RETAIN_SELF = YES;
				CLANG_WARN_OBJC_LITERAL_CONVERSION = YES;
				CLANG_WARN_OBJC_ROOT_CLASS = YES_ERROR;
				CLANG_WARN_QUOTED_INCLUDE_IN_FRAMEWORK_HEADER = YES;
				CLANG_WARN_RANGE_LOOP_ANALYSIS = YES;
				CLANG_WARN_STRICT_PROTOTYPES = YES;
				CLANG_WARN_SUSPICIOUS_MOVE = YES;
				CLANG_WARN_UNGUARDED_AVAILABILITY = YES_AGGRESSIVE;
				CLANG_WARN_UNREACHABLE_CODE = YES;
				CLANG_WARN__DUPLICATE_METHOD_MATCH = YES;
				COPY_PHASE_STRIP = NO;
				DEBUG_INFORMATION_FORMAT = "dwarf-with-dsym";
				DOCC_EXTRACT_OBJC_INFO_FOR_SWIFT_SYMBOLS = YES;
				DOCC_EXTRACT_SWIFT_INFO_FOR_OBJC_SYMBOLS = YES;
				EAGER_LINKING = YES;
				ENABLE_NS_ASSERTIONS = NO;
				ENABLE_STRICT_OBJC_MSGSEND = YES;
				ENABLE_TESTABILITY = YES;
				GCC_C_LANGUAGE_STANDARD = gnu11;
				GCC_NO_COMMON_BLOCKS = YES;
				GCC_WARN_64_TO_32_BIT_CONVERSION = YES;
				GCC_WARN_ABOUT_RETURN_TYPE = YES_ERROR;
				GCC_WARN_UNDECLARED_SELECTOR = YES;
				GCC_WARN_UNINITIALIZED_AUTOS = YES_AGGRESSIVE;
				GCC_WARN_UNUSED_FUNCTION = YES;
				GCC_WARN_UNUSED_VARIABLE = YES;
				IPHONEOS_DEPLOYMENT_TARGET = 16.4;
				MTL_ENABLE_DEBUG_INFO = NO;
				MTL_FAST_MATH = YES;
				SDKROOT = iphoneos;
				SWIFT_EMIT_LOC_STRINGS = YES;
				VALIDATE_PRODUCT = YES;
			};
			name = Release;
		};
		D7474EE42AC72249008BE5F3 /* Debug */ = {
			isa = XCBuildConfiguration;
			buildSettings = {
				ALWAYS_EMBED_SWIFT_STANDARD_LIBRARIES = NO;
				ASSETCATALOG_COMPILER_APPICON_NAME = AppIcon;
				ASSETCATALOG_COMPILER_GLOBAL_ACCENT_COLOR_NAME = AccentColor;
				BUILD_LIBRARY_FOR_DISTRIBUTION = NO;
				CODE_SIGN_STYLE = Automatic;
				CURRENT_PROJECT_VERSION = 1;
				DEVELOPMENT_TEAM = V78M3L7JF2;
				DOCC_EXTRACT_OBJC_INFO_FOR_SWIFT_SYMBOLS = NO;
				DOCC_EXTRACT_SWIFT_INFO_FOR_OBJC_SYMBOLS = NO;
				EAGER_LINKING = NO;
				ENABLE_TESTABILITY = NO;
				FRAMEWORK_SEARCH_PATHS = (
					"$(inherited)",
					"$(PROJECT_DIR)/CodeData/Framework",
				);
				GENERATE_INFOPLIST_FILE = YES;
				INFOPLIST_FILE = CodeData/Info.plist;
				INFOPLIST_KEY_UIApplicationSupportsIndirectInputEvents = YES;
				INFOPLIST_KEY_UILaunchStoryboardName = LaunchScreen;
				INFOPLIST_KEY_UIMainStoryboardFile = Main;
				INFOPLIST_KEY_UISupportedInterfaceOrientations_iPad = "UIInterfaceOrientationPortrait UIInterfaceOrientationPortraitUpsideDown UIInterfaceOrientationLandscapeLeft UIInterfaceOrientationLandscapeRight";
				INFOPLIST_KEY_UISupportedInterfaceOrientations_iPhone = "UIInterfaceOrientationPortrait UIInterfaceOrientationLandscapeLeft UIInterfaceOrientationLandscapeRight";
				IPHONEOS_DEPLOYMENT_TARGET = 16.0;
				LD_RUNPATH_SEARCH_PATHS = (
					"$(inherited)",
					"@executable_path/Frameworks",
				);
				LOCALIZED_STRING_SWIFTUI_SUPPORT = NO;
				MARKETING_VERSION = 1.0;
				PRODUCT_BUNDLE_IDENTIFIER = com.ngsiukei.CodeData;
				PRODUCT_NAME = "$(TARGET_NAME)";
				STRIP_SWIFT_SYMBOLS = NO;
				SWIFT_EMIT_LOC_STRINGS = NO;
				TARGETED_DEVICE_FAMILY = "1,2";
				"USER_HEADER_SEARCH_PATHS[arch=*]" = "/Users/nusiukei/Documents/代码/远程仓库/Github/NSKCoreData/Demo/CodeData";
			};
			name = Debug;
		};
		D7474EE52AC72249008BE5F3 /* Release */ = {
			isa = XCBuildConfiguration;
			buildSettings = {
				ALWAYS_EMBED_SWIFT_STANDARD_LIBRARIES = NO;
				ASSETCATALOG_COMPILER_APPICON_NAME = AppIcon;
				ASSETCATALOG_COMPILER_GLOBAL_ACCENT_COLOR_NAME = AccentColor;
				BUILD_LIBRARY_FOR_DISTRIBUTION = NO;
				CODE_SIGN_STYLE = Automatic;
				CURRENT_PROJECT_VERSION = 1;
				DEVELOPMENT_TEAM = V78M3L7JF2;
				DOCC_EXTRACT_OBJC_INFO_FOR_SWIFT_SYMBOLS = NO;
				DOCC_EXTRACT_SWIFT_INFO_FOR_OBJC_SYMBOLS = NO;
				EAGER_LINKING = NO;
				ENABLE_TESTABILITY = NO;
				FRAMEWORK_SEARCH_PATHS = (
					"$(inherited)",
					"$(PROJECT_DIR)/CodeData/Framework",
				);
				GENERATE_INFOPLIST_FILE = YES;
				INFOPLIST_FILE = CodeData/Info.plist;
				INFOPLIST_KEY_UIApplicationSupportsIndirectInputEvents = YES;
				INFOPLIST_KEY_UILaunchStoryboardName = LaunchScreen;
				INFOPLIST_KEY_UIMainStoryboardFile = Main;
				INFOPLIST_KEY_UISupportedInterfaceOrientations_iPad = "UIInterfaceOrientationPortrait UIInterfaceOrientationPortraitUpsideDown UIInterfaceOrientationLandscapeLeft UIInterfaceOrientationLandscapeRight";
				INFOPLIST_KEY_UISupportedInterfaceOrientations_iPhone = "UIInterfaceOrientationPortrait UIInterfaceOrientationLandscapeLeft UIInterfaceOrientationLandscapeRight";
				IPHONEOS_DEPLOYMENT_TARGET = 16.0;
				LD_RUNPATH_SEARCH_PATHS = (
					"$(inherited)",
					"@executable_path/Frameworks",
				);
				LOCALIZED_STRING_SWIFTUI_SUPPORT = NO;
				MARKETING_VERSION = 1.0;
				PRODUCT_BUNDLE_IDENTIFIER = com.ngsiukei.CodeData;
				PRODUCT_NAME = "$(TARGET_NAME)";
				STRIP_SWIFT_SYMBOLS = NO;
				SWIFT_EMIT_LOC_STRINGS = NO;
				TARGETED_DEVICE_FAMILY = "1,2";
				"USER_HEADER_SEARCH_PATHS[arch=*]" = "/Users/nusiukei/Documents/代码/远程仓库/Github/NSKCoreData/Demo/CodeData";
			};
			name = Release;
		};
/* End XCBuildConfiguration section */

/* Begin XCConfigurationList section */
		D7474EC52AC72248008BE5F3 /* Build configuration list for PBXProject "CodeData" */ = {
			isa = XCConfigurationList;
			buildConfigurations = (
				D7474EE12AC72249008BE5F3 /* Debug */,
				D7474EE22AC72249008BE5F3 /* Release */,
			);
			defaultConfigurationIsVisible = 0;
			defaultConfigurationName = Release;
		};
		D7474EE32AC72249008BE5F3 /* Build configuration list for PBXNativeTarget "CodeData" */ = {
			isa = XCConfigurationList;
			buildConfigurations = (
				D7474EE42AC72249008BE5F3 /* Debug */,
				D7474EE52AC72249008BE5F3 /* Release */,
			);
			defaultConfigurationIsVisible = 0;
			defaultConfigurationName = Release;
		};
/* End XCConfigurationList section */

/* Begin XCVersionGroup section */
		D7474EE72AC722AD008BE5F3 /* Model.xcdatamodeld */ = {
			isa = XCVersionGroup;
			children = (
				D7474EE82AC722AD008BE5F3 /* Model.xcdatamodel */,
			);
			currentVersion = D7474EE82AC722AD008BE5F3 /* Model.xcdatamodel */;
			path = Model.xcdatamodeld;
			sourceTree = "<group>";
			versionGroupType = wrapper.xcdatamodel;
		};
/* End XCVersionGroup section */
	};
	rootObject = D7474EC22AC72248008BE5F3 /* Project object */;
}
